// !$*UTF8*$!
{
	archiveVersion = 1;
	classes = {
	};
	objectVersion = 46;
	objects = {

/* Begin PBXBuildFile section */
		30769E841E35EB48004805E0 /* AppDelegate.swift in Sources */ = {isa = PBXBuildFile; fileRef = 30769E831E35EB48004805E0 /* AppDelegate.swift */; };
		30769E861E35EB48004805E0 /* ViewController.swift in Sources */ = {isa = PBXBuildFile; fileRef = 30769E851E35EB48004805E0 /* ViewController.swift */; };
		30769E891E35EB48004805E0 /* Main.storyboard in Resources */ = {isa = PBXBuildFile; fileRef = 30769E871E35EB48004805E0 /* Main.storyboard */; };
		30769E8C1E35EB48004805E0 /* getWebServiceSwift3.xcdatamodeld in Sources */ = {isa = PBXBuildFile; fileRef = 30769E8A1E35EB48004805E0 /* getWebServiceSwift3.xcdatamodeld */; };
		30769E8E1E35EB48004805E0 /* Assets.xcassets in Resources */ = {isa = PBXBuildFile; fileRef = 30769E8D1E35EB48004805E0 /* Assets.xcassets */; };
		30769E911E35EB48004805E0 /* LaunchScreen.storyboard in Resources */ = {isa = PBXBuildFile; fileRef = 30769E8F1E35EB48004805E0 /* LaunchScreen.storyboard */; };
		30769E9C1E35EB48004805E0 /* getWebServiceSwift3Tests.swift in Sources */ = {isa = PBXBuildFile; fileRef = 30769E9B1E35EB48004805E0 /* getWebServiceSwift3Tests.swift */; };
		30769EA71E35EB48004805E0 /* getWebServiceSwift3UITests.swift in Sources */ = {isa = PBXBuildFile; fileRef = 30769EA61E35EB48004805E0 /* getWebServiceSwift3UITests.swift */; };
/* End PBXBuildFile section */

/* Begin PBXContainerItemProxy section */
		30769E981E35EB48004805E0 /* PBXContainerItemProxy */ = {
			isa = PBXContainerItemProxy;
			containerPortal = 30769E781E35EB47004805E0 /* Project object */;
			proxyType = 1;
			remoteGlobalIDString = 30769E7F1E35EB47004805E0;
			remoteInfo = getWebServiceSwift3;
		};
		30769EA31E35EB48004805E0 /* PBXContainerItemProxy */ = {
			isa = PBXContainerItemProxy;
			containerPortal = 30769E781E35EB47004805E0 /* Project object */;
			proxyType = 1;
			remoteGlobalIDString = 30769E7F1E35EB47004805E0;
			remoteInfo = getWebServiceSwift3;
		};
/* End PBXContainerItemProxy section */

/* Begin PBXFileReference section */
		30769E801E35EB47004805E0 /* getWebServiceSwift3.app */ = {isa = PBXFileReference; explicitFileType = wrapper.application; includeInIndex = 0; path = getWebServiceSwift3.app; sourceTree = BUILT_PRODUCTS_DIR; };
		30769E831E35EB48004805E0 /* AppDelegate.swift */ = {isa = PBXFileReference; lastKnownFileType = sourcecode.swift; path = AppDelegate.swift; sourceTree = "<group>"; };
		30769E851E35EB48004805E0 /* ViewController.swift */ = {isa = PBXFileReference; lastKnownFileType = sourcecode.swift; path = ViewController.swift; sourceTree = "<group>"; };
		30769E881E35EB48004805E0 /* Base */ = {isa = PBXFileReference; lastKnownFileType = file.storyboard; name = Base; path = Base.lproj/Main.storyboard; sourceTree = "<group>"; };
		30769E8B1E35EB48004805E0 /* getWebServiceSwift3.xcdatamodel */ = {isa = PBXFileReference; lastKnownFileType = wrapper.xcdatamodel; path = getWebServiceSwift3.xcdatamodel; sourceTree = "<group>"; };
		30769E8D1E35EB48004805E0 /* Assets.xcassets */ = {isa = PBXFileReference; lastKnownFileType = folder.assetcatalog; path = Assets.xcassets; sourceTree = "<group>"; };
		30769E901E35EB48004805E0 /* Base */ = {isa = PBXFileReference; lastKnownFileType = file.storyboard; name = Base; path = Base.lproj/LaunchScreen.storyboard; sourceTree = "<group>"; };
		30769E921E35EB48004805E0 /* Info.plist */ = {isa = PBXFileReference; lastKnownFileType = text.plist.xml; path = Info.plist; sourceTree = "<group>"; };
		30769E971E35EB48004805E0 /* getWebServiceSwift3Tests.xctest */ = {isa = PBXFileReference; explicitFileType = wrapper.cfbundle; includeInIndex = 0; path = getWebServiceSwift3Tests.xctest; sourceTree = BUILT_PRODUCTS_DIR; };
		30769E9B1E35EB48004805E0 /* getWebServiceSwift3Tests.swift */ = {isa = PBXFileReference; lastKnownFileType = sourcecode.swift; path = getWebServiceSwift3Tests.swift; sourceTree = "<group>"; };
		30769E9D1E35EB48004805E0 /* Info.plist */ = {isa = PBXFileReference; lastKnownFileType = text.plist.xml; path = Info.plist; sourceTree = "<group>"; };
		30769EA21E35EB48004805E0 /* getWebServiceSwift3UITests.xctest */ = {isa = PBXFileReference; explicitFileType = wrapper.cfbundle; includeInIndex = 0; path = getWebServiceSwift3UITests.xctest; sourceTree = BUILT_PRODUCTS_DIR; };
		30769EA61E35EB48004805E0 /* getWebServiceSwift3UITests.swift */ = {isa = PBXFileReference; lastKnownFileType = sourcecode.swift; path = getWebServiceSwift3UITests.swift; sourceTree = "<group>"; };
		30769EA81E35EB48004805E0 /* Info.plist */ = {isa = PBXFileReference; lastKnownFileType = text.plist.xml; path = Info.plist; sourceTree = "<group>"; };
/* End PBXFileReference section */

/* Begin PBXFrameworksBuildPhase section */
		30769E7D1E35EB47004805E0 /* Frameworks */ = {
			isa = PBXFrameworksBuildPhase;
			buildActionMask = 2147483647;
			files = (
			);
			runOnlyForDeploymentPostprocessing = 0;
		};
		30769E941E35EB48004805E0 /* Frameworks */ = {
			isa = PBXFrameworksBuildPhase;
			buildActionMask = 2147483647;
			files = (
			);
			runOnlyForDeploymentPostprocessing = 0;
		};
		30769E9F1E35EB48004805E0 /* Frameworks */ = {
			isa = PBXFrameworksBuildPhase;
			buildActionMask = 2147483647;
			files = (
			);
			runOnlyForDeploymentPostprocessing = 0;
		};
/* End PBXFrameworksBuildPhase section */

/* Begin PBXGroup section */
		30769E771E35EB47004805E0 = {
			isa = PBXGroup;
			children = (
				30769E821E35EB47004805E0 /* getWebServiceSwift3 */,
				30769E9A1E35EB48004805E0 /* getWebServiceSwift3Tests */,
				30769EA51E35EB48004805E0 /* getWebServiceSwift3UITests */,
				30769E811E35EB47004805E0 /* Products */,
			);
			sourceTree = "<group>";
		};
		30769E811E35EB47004805E0 /* Products */ = {
			isa = PBXGroup;
			children = (
				30769E801E35EB47004805E0 /* getWebServiceSwift3.app */,
				30769E971E35EB48004805E0 /* getWebServiceSwift3Tests.xctest */,
				30769EA21E35EB48004805E0 /* getWebServiceSwift3UITests.xctest */,
			);
			name = Products;
			sourceTree = "<group>";
		};
		30769E821E35EB47004805E0 /* getWebServiceSwift3 */ = {
			isa = PBXGroup;
			children = (
				30769E831E35EB48004805E0 /* AppDelegate.swift */,
				30769E851E35EB48004805E0 /* ViewController.swift */,
				30769E871E35EB48004805E0 /* Main.storyboard */,
				30769E8D1E35EB48004805E0 /* Assets.xcassets */,
				30769E8F1E35EB48004805E0 /* LaunchScreen.storyboard */,
				30769E921E35EB48004805E0 /* Info.plist */,
				30769E8A1E35EB48004805E0 /* getWebServiceSwift3.xcdatamodeld */,
			);
			path = getWebServiceSwift3;
			sourceTree = "<group>";
		};
		30769E9A1E35EB48004805E0 /* getWebServiceSwift3Tests */ = {
			isa = PBXGroup;
			children = (
				30769E9B1E35EB48004805E0 /* getWebServiceSwift3Tests.swift */,
				30769E9D1E35EB48004805E0 /* Info.plist */,
			);
			path = getWebServiceSwift3Tests;
			sourceTree = "<group>";
		};
		30769EA51E35EB48004805E0 /* getWebServiceSwift3UITests */ = {
			isa = PBXGroup;
			children = (
				30769EA61E35EB48004805E0 /* getWebServiceSwift3UITests.swift */,
				30769EA81E35EB48004805E0 /* Info.plist */,
			);
			path = getWebServiceSwift3UITests;
			sourceTree = "<group>";
		};
/* End PBXGroup section */

/* Begin PBXNativeTarget section */
		30769E7F1E35EB47004805E0 /* getWebServiceSwift3 */ = {
			isa = PBXNativeTarget;
			buildConfigurationList = 30769EAB1E35EB48004805E0 /* Build configuration list for PBXNativeTarget "getWebServiceSwift3" */;
			buildPhases = (
				30769E7C1E35EB47004805E0 /* Sources */,
				30769E7D1E35EB47004805E0 /* Frameworks */,
				30769E7E1E35EB47004805E0 /* Resources */,
			);
			buildRules = (
			);
			dependencies = (
			);
			name = getWebServiceSwift3;
			productName = getWebServiceSwift3;
			productReference = 30769E801E35EB47004805E0 /* getWebServiceSwift3.app */;
			productType = "com.apple.product-type.application";
		};
		30769E961E35EB48004805E0 /* getWebServiceSwift3Tests */ = {
			isa = PBXNativeTarget;
			buildConfigurationList = 30769EAE1E35EB48004805E0 /* Build configuration list for PBXNativeTarget "getWebServiceSwift3Tests" */;
			buildPhases = (
				30769E931E35EB48004805E0 /* Sources */,
				30769E941E35EB48004805E0 /* Frameworks */,
				30769E951E35EB48004805E0 /* Resources */,
			);
			buildRules = (
			);
			dependencies = (
				30769E991E35EB48004805E0 /* PBXTargetDependency */,
			);
			name = getWebServiceSwift3Tests;
			productName = getWebServiceSwift3Tests;
			productReference = 30769E971E35EB48004805E0 /* getWebServiceSwift3Tests.xctest */;
			productType = "com.apple.product-type.bundle.unit-test";
		};
		30769EA11E35EB48004805E0 /* getWebServiceSwift3UITests */ = {
			isa = PBXNativeTarget;
			buildConfigurationList = 30769EB11E35EB48004805E0 /* Build configuration list for PBXNativeTarget "getWebServiceSwift3UITests" */;
			buildPhases = (
				30769E9E1E35EB48004805E0 /* Sources */,
				30769E9F1E35EB48004805E0 /* Frameworks */,
				30769EA01E35EB48004805E0 /* Resources */,
			);
			buildRules = (
			);
			dependencies = (
				30769EA41E35EB48004805E0 /* PBXTargetDependency */,
			);
			name = getWebServiceSwift3UITests;
			productName = getWebServiceSwift3UITests;
			productReference = 30769EA21E35EB48004805E0 /* getWebServiceSwift3UITests.xctest */;
			productType = "com.apple.product-type.bundle.ui-testing";
		};
/* End PBXNativeTarget section */

/* Begin PBXProject section */
		30769E781E35EB47004805E0 /* Project object */ = {
			isa = PBXProject;
			attributes = {
				LastSwiftUpdateCheck = 0820;
				LastUpgradeCheck = 0820;
				ORGANIZATIONNAME = LostFrequencies;
				TargetAttributes = {
					30769E7F1E35EB47004805E0 = {
						CreatedOnToolsVersion = 8.2.1;
						ProvisioningStyle = Automatic;
					};
					30769E961E35EB48004805E0 = {
						CreatedOnToolsVersion = 8.2.1;
						ProvisioningStyle = Automatic;
						TestTargetID = 30769E7F1E35EB47004805E0;
					};
					30769EA11E35EB48004805E0 = {
						CreatedOnToolsVersion = 8.2.1;
						ProvisioningStyle = Automatic;
						TestTargetID = 30769E7F1E35EB47004805E0;
					};
				};
			};
			buildConfigurationList = 30769E7B1E35EB47004805E0 /* Build configuration list for PBXProject "getWebServiceSwift3" */;
			compatibilityVersion = "Xcode 3.2";
			developmentRegion = English;
			hasScannedForEncodings = 0;
			knownRegions = (
				en,
				Base,
			);
			mainGroup = 30769E771E35EB47004805E0;
			productRefGroup = 30769E811E35EB47004805E0 /* Products */;
			projectDirPath = "";
			projectRoot = "";
			targets = (
				30769E7F1E35EB47004805E0 /* getWebServiceSwift3 */,
				30769E961E35EB48004805E0 /* getWebServiceSwift3Tests */,
				30769EA11E35EB48004805E0 /* getWebServiceSwift3UITests */,
			);
		};
/* End PBXProject section */

/* Begin PBXResourcesBuildPhase section */
		30769E7E1E35EB47004805E0 /* Resources */ = {
			isa = PBXResourcesBuildPhase;
			buildActionMask = 2147483647;
			files = (
				30769E911E35EB48004805E0 /* LaunchScreen.storyboard in Resources */,
				30769E8E1E35EB48004805E0 /* Assets.xcassets in Resources */,
				30769E891E35EB48004805E0 /* Main.storyboard in Resources */,
			);
			runOnlyForDeploymentPostprocessing = 0;
		};
		30769E951E35EB48004805E0 /* Resources */ = {
			isa = PBXResourcesBuildPhase;
			buildActionMask = 2147483647;
			files = (
			);
			runOnlyForDeploymentPostprocessing = 0;
		};
		30769EA01E35EB48004805E0 /* Resources */ = {
			isa = PBXResourcesBuildPhase;
			buildActionMask = 2147483647;
			files = (
			);
			runOnlyForDeploymentPostprocessing = 0;
		};
/* End PBXResourcesBuildPhase section */

/* Begin PBXSourcesBuildPhase section */
		30769E7C1E35EB47004805E0 /* Sources */ = {
			isa = PBXSourcesBuildPhase;
			buildActionMask = 2147483647;
			files = (
				30769E8C1E35EB48004805E0 /* getWebServiceSwift3.xcdatamodeld in Sources */,
				30769E861E35EB48004805E0 /* ViewController.swift in Sources */,
				30769E841E35EB48004805E0 /* AppDelegate.swift in Sources */,
			);
			runOnlyForDeploymentPostprocessing = 0;
		};
		30769E931E35EB48004805E0 /* Sources */ = {
			isa = PBXSourcesBuildPhase;
			buildActionMask = 2147483647;
			files = (
				30769E9C1E35EB48004805E0 /* getWebServiceSwift3Tests.swift in Sources */,
			);
			runOnlyForDeploymentPostprocessing = 0;
		};
		30769E9E1E35EB48004805E0 /* Sources */ = {
			isa = PBXSourcesBuildPhase;
			buildActionMask = 2147483647;
			files = (
				30769EA71E35EB48004805E0 /* getWebServiceSwift3UITests.swift in Sources */,
			);
			runOnlyForDeploymentPostprocessing = 0;
		};
/* End PBXSourcesBuildPhase section */

/* Begin PBXTargetDependency section */
		30769E991E35EB48004805E0 /* PBXTargetDependency */ = {
			isa = PBXTargetDependency;
			target = 30769E7F1E35EB47004805E0 /* getWebServiceSwift3 */;
			targetProxy = 30769E981E35EB48004805E0 /* PBXContainerItemProxy */;
		};
		30769EA41E35EB48004805E0 /* PBXTargetDependency */ = {
			isa = PBXTargetDependency;
			target = 30769E7F1E35EB47004805E0 /* getWebServiceSwift3 */;
			targetProxy = 30769EA31E35EB48004805E0 /* PBXContainerItemProxy */;
		};
/* End PBXTargetDependency section */

/* Begin PBXVariantGroup section */
		30769E871E35EB48004805E0 /* Main.storyboard */ = {
			isa = PBXVariantGroup;
			children = (
				30769E881E35EB48004805E0 /* Base */,
			);
			name = Main.storyboard;
			sourceTree = "<group>";
		};
		30769E8F1E35EB48004805E0 /* LaunchScreen.storyboard */ = {
			isa = PBXVariantGroup;
			children = (
				30769E901E35EB48004805E0 /* Base */,
			);
			name = LaunchScreen.storyboard;
			sourceTree = "<group>";
		};
/* End PBXVariantGroup section */

/* Begin XCBuildConfiguration section */
		30769EA91E35EB48004805E0 /* Debug */ = {
			isa = XCBuildConfiguration;
			buildSettings = {
				ALWAYS_SEARCH_USER_PATHS = NO;
				CLANG_ANALYZER_NONNULL = YES;
				CLANG_CXX_LANGUAGE_STANDARD = "gnu++0x";
				CLANG_CXX_LIBRARY = "libc++";
				CLANG_ENABLE_MODULES = YES;
				CLANG_ENABLE_OBJC_ARC = YES;
				CLANG_WARN_BOOL_CONVERSION = YES;
				CLANG_WARN_CONSTANT_CONVERSION = YES;
				CLANG_WARN_DIRECT_OBJC_ISA_USAGE = YES_ERROR;
				CLANG_WARN_DOCUMENTATION_COMMENTS = YES;
				CLANG_WARN_EMPTY_BODY = YES;
				CLANG_WARN_ENUM_CONVERSION = YES;
				CLANG_WARN_INFINITE_RECURSION = YES;
				CLANG_WARN_INT_CONVERSION = YES;
				CLANG_WARN_OBJC_ROOT_CLASS = YES_ERROR;
				CLANG_WARN_SUSPICIOUS_MOVE = YES;
				CLANG_WARN_UNREACHABLE_CODE = YES;
				CLANG_WARN__DUPLICATE_METHOD_MATCH = YES;
				"CODE_SIGN_IDENTITY[sdk=iphoneos*]" = "iPhone Developer";
				COPY_PHASE_STRIP = NO;
				DEBUG_INFORMATION_FORMAT = dwarf;
				ENABLE_STRICT_OBJC_MSGSEND = YES;
				ENABLE_TESTABILITY = YES;
				GCC_C_LANGUAGE_STANDARD = gnu99;
				GCC_DYNAMIC_NO_PIC = NO;
				GCC_NO_COMMON_BLOCKS = YES;
				GCC_OPTIMIZATION_LEVEL = 0;
				GCC_PREPROCESSOR_DEFINITIONS = (
					"DEBUG=1",
					"$(inherited)",
				);
				GCC_WARN_64_TO_32_BIT_CONVERSION = YES;
				GCC_WARN_ABOUT_RETURN_TYPE = YES_ERROR;
				GCC_WARN_UNDECLARED_SELECTOR = YES;
				GCC_WARN_UNINITIALIZED_AUTOS = YES_AGGRESSIVE;
				GCC_WARN_UNUSED_FUNCTION = YES;
				GCC_WARN_UNUSED_VARIABLE = YES;
				IPHONEOS_DEPLOYMENT_TARGET = 10.2;
				MTL_ENABLE_DEBUG_INFO = YES;
				ONLY_ACTIVE_ARCH = YES;
				SDKROOT = iphoneos;
				SWIFT_ACTIVE_COMPILATION_CONDITIONS = DEBUG;
				SWIFT_OPTIMIZATION_LEVEL = "-Onone";
				TARGETED_DEVICE_FAMILY = "1,2";
			};
			name = Debug;
		};
		30769EAA1E35EB48004805E0 /* Release */ = {
			isa = XCBuildConfiguration;
			buildSettings = {
				ALWAYS_SEARCH_USER_PATHS = NO;
				CLANG_ANALYZER_NONNULL = YES;
				CLANG_CXX_LANGUAGE_STANDARD = "gnu++0x";
				CLANG_CXX_LIBRARY = "libc++";
				CLANG_ENABLE_MODULES = YES;
				CLANG_ENABLE_OBJC_ARC = YES;
				CLANG_WARN_BOOL_CONVERSION = YES;
				CLANG_WARN_CONSTANT_CONVERSION = YES;
				CLANG_WARN_DIRECT_OBJC_ISA_USAGE = YES_ERROR;
				CLANG_WARN_DOCUMENTATION_COMMENTS = YES;
				CLANG_WARN_EMPTY_BODY = YES;
				CLANG_WARN_ENUM_CONVERSION = YES;
				CLANG_WARN_INFINITE_RECURSION = YES;
				CLANG_WARN_INT_CONVERSION = YES;
				CLANG_WARN_OBJC_ROOT_CLASS = YES_ERROR;
				CLANG_WARN_SUSPICIOUS_MOVE = YES;
				CLANG_WARN_UNREACHABLE_CODE = YES;
				CLANG_WARN__DUPLICATE_METHOD_MATCH = YES;
				"CODE_SIGN_IDENTITY[sdk=iphoneos*]" = "iPhone Developer";
				COPY_PHASE_STRIP = NO;
				DEBUG_INFORMATION_FORMAT = "dwarf-with-dsym";
				ENABLE_NS_ASSERTIONS = NO;
				ENABLE_STRICT_OBJC_MSGSEND = YES;
				GCC_C_LANGUAGE_STANDARD = gnu99;
				GCC_NO_COMMON_BLOCKS = YES;
				GCC_WARN_64_TO_32_BIT_CONVERSION = YES;
				GCC_WARN_ABOUT_RETURN_TYPE = YES_ERROR;
				GCC_WARN_UNDECLARED_SELECTOR = YES;
				GCC_WARN_UNINITIALIZED_AUTOS = YES_AGGRESSIVE;
				GCC_WARN_UNUSED_FUNCTION = YES;
				GCC_WARN_UNUSED_VARIABLE = YES;
				IPHONEOS_DEPLOYMENT_TARGET = 10.2;
				MTL_ENABLE_DEBUG_INFO = NO;
				SDKROOT = iphoneos;
				SWIFT_OPTIMIZATION_LEVEL = "-Owholemodule";
				TARGETED_DEVICE_FAMILY = "1,2";
				VALIDATE_PRODUCT = YES;
			};
			name = Release;
		};
		30769EAC1E35EB48004805E0 /* Debug */ = {
			isa = XCBuildConfiguration;
			buildSettings = {
				ASSETCATALOG_COMPILER_APPICON_NAME = AppIcon;
				INFOPLIST_FILE = getWebServiceSwift3/Info.plist;
				LD_RUNPATH_SEARCH_PATHS = "$(inherited) @executable_path/Frameworks";
				PRODUCT_BUNDLE_IDENTIFIER = com.swift3.getWebService.getWebServiceSwift3;
				PRODUCT_NAME = "$(TARGET_NAME)";
				SWIFT_VERSION = 3.0;
			};
			name = Debug;
		};
		30769EAD1E35EB48004805E0 /* Release */ = {
			isa = XCBuildConfiguration;
			buildSettings = {
				ASSETCATALOG_COMPILER_APPICON_NAME = AppIcon;
				INFOPLIST_FILE = getWebServiceSwift3/Info.plist;
				LD_RUNPATH_SEARCH_PATHS = "$(inherited) @executable_path/Frameworks";
				PRODUCT_BUNDLE_IDENTIFIER = com.swift3.getWebService.getWebServiceSwift3;
				PRODUCT_NAME = "$(TARGET_NAME)";
				SWIFT_VERSION = 3.0;
			};
			name = Release;
		};
		30769EAF1E35EB48004805E0 /* Debug */ = {
			isa = XCBuildConfiguration;
			buildSettings = {
				ALWAYS_EMBED_SWIFT_STANDARD_LIBRARIES = YES;
				BUNDLE_LOADER = "$(TEST_HOST)";
				INFOPLIST_FILE = getWebServiceSwift3Tests/Info.plist;
				LD_RUNPATH_SEARCH_PATHS = "$(inherited) @executable_path/Frameworks @loader_path/Frameworks";
				PRODUCT_BUNDLE_IDENTIFIER = com.swift3.getWebService.getWebServiceSwift3Tests;
				PRODUCT_NAME = "$(TARGET_NAME)";
				SWIFT_VERSION = 3.0;
				TEST_HOST = "$(BUILT_PRODUCTS_DIR)/getWebServiceSwift3.app/getWebServiceSwift3";
			};
			name = Debug;
		};
		30769EB01E35EB48004805E0 /* Release */ = {
			isa = XCBuildConfiguration;
			buildSettings = {
				ALWAYS_EMBED_SWIFT_STANDARD_LIBRARIES = YES;
				BUNDLE_LOADER = "$(TEST_HOST)";
				INFOPLIST_FILE = getWebServiceSwift3Tests/Info.plist;
				LD_RUNPATH_SEARCH_PATHS = "$(inherited) @executable_path/Frameworks @loader_path/Frameworks";
				PRODUCT_BUNDLE_IDENTIFIER = com.swift3.getWebService.getWebServiceSwift3Tests;
				PRODUCT_NAME = "$(TARGET_NAME)";
				SWIFT_VERSION = 3.0;
				TEST_HOST = "$(BUILT_PRODUCTS_DIR)/getWebServiceSwift3.app/getWebServiceSwift3";
			};
			name = Release;
		};
		30769EB21E35EB48004805E0 /* Debug */ = {
			isa = XCBuildConfiguration;
			buildSettings = {
				ALWAYS_EMBED_SWIFT_STANDARD_LIBRARIES = YES;
				INFOPLIST_FILE = getWebServiceSwift3UITests/Info.plist;
				LD_RUNPATH_SEARCH_PATHS = "$(inherited) @executable_path/Frameworks @loader_path/Frameworks";
				PRODUCT_BUNDLE_IDENTIFIER = com.swift3.getWebService.getWebServiceSwift3UITests;
				PRODUCT_NAME = "$(TARGET_NAME)";
				SWIFT_VERSION = 3.0;
				TEST_TARGET_NAME = getWebServiceSwift3;
			};
			name = Debug;
		};
		30769EB31E35EB48004805E0 /* Release */ = {
			isa = XCBuildConfiguration;
			buildSettings = {
				ALWAYS_EMBED_SWIFT_STANDARD_LIBRARIES = YES;
				INFOPLIST_FILE = getWebServiceSwift3UITests/Info.plist;
				LD_RUNPATH_SEARCH_PATHS = "$(inherited) @executable_path/Frameworks @loader_path/Frameworks";
				PRODUCT_BUNDLE_IDENTIFIER = com.swift3.getWebService.getWebServiceSwift3UITests;
				PRODUCT_NAME = "$(TARGET_NAME)";
				SWIFT_VERSION = 3.0;
				TEST_TARGET_NAME = getWebServiceSwift3;
			};
			name = Release;
		};
/* End XCBuildConfiguration section */

/* Begin XCConfigurationList section */
		30769E7B1E35EB47004805E0 /* Build configuration list for PBXProject "getWebServiceSwift3" */ = {
			isa = XCConfigurationList;
			buildConfigurations = (
				30769EA91E35EB48004805E0 /* Debug */,
				30769EAA1E35EB48004805E0 /* Release */,
			);
			defaultConfigurationIsVisible = 0;
			defaultConfigurationName = Release;
		};
		30769EAB1E35EB48004805E0 /* Build configuration list for PBXNativeTarget "getWebServiceSwift3" */ = {
			isa = XCConfigurationList;
			buildConfigurations = (
				30769EAC1E35EB48004805E0 /* Debug */,
				30769EAD1E35EB48004805E0 /* Release */,
			);
			defaultConfigurationIsVisible = 0;
		};
		30769EAE1E35EB48004805E0 /* Build configuration list for PBXNativeTarget "getWebServiceSwift3Tests" */ = {
			isa = XCConfigurationList;
			buildConfigurations = (
				30769EAF1E35EB48004805E0 /* Debug */,
				30769EB01E35EB48004805E0 /* Release */,
			);
			defaultConfigurationIsVisible = 0;
		};
		30769EB11E35EB48004805E0 /* Build configuration list for PBXNativeTarget "getWebServiceSwift3UITests" */ = {
			isa = XCConfigurationList;
			buildConfigurations = (
				30769EB21E35EB48004805E0 /* Debug */,
				30769EB31E35EB48004805E0 /* Release */,
			);
			defaultConfigurationIsVisible = 0;
		};
/* End XCConfigurationList section */

/* Begin XCVersionGroup section */
		30769E8A1E35EB48004805E0 /* getWebServiceSwift3.xcdatamodeld */ = {
			isa = XCVersionGroup;
			children = (
				30769E8B1E35EB48004805E0 /* getWebServiceSwift3.xcdatamodel */,
			);
			currentVersion = 30769E8B1E35EB48004805E0 /* getWebServiceSwift3.xcdatamodel */;
			path = getWebServiceSwift3.xcdatamodeld;
			sourceTree = "<group>";
			versionGroupType = wrapper.xcdatamodel;
		};
/* End XCVersionGroup section */
	};
	rootObject = 30769E781E35EB47004805E0 /* Project object */;
}
